
Microsoft Visual Studio Solution File, Format Version 12.00
# Visual Studio 2012
Project("{FAE04EC0-301F-11D3-BF4B-00C04F79EFBC}") = "Communication.HartLite", "Communication.HartLite\Communication.HartLite.csproj", "{FABABCC7-9A94-4DDD-92F2-91427B2BEBB4}"
EndProject
Project("{FAE04EC0-301F-11D3-BF4B-00C04F79EFBC}") = "Communication.HartLite.UnitTest", "Communication.HartLite.UnitTest\Communication.HartLite.UnitTest.csproj", "{9AA3907C-AFC2-4A66-BE73-8B2E1709AF3D}"
EndProject
Project("{2150E333-8FDC-42A3-9474-1A3956D46DE8}") = "Common", "Common", "{9A80672F-3C7C-4503-AE7E-31048A748C2A}"
	ProjectSection(SolutionItems) = preProject
		Common\CommonAssemblyInfo.cs = Common\CommonAssemblyInfo.cs
	EndProjectSection
EndProject
Global
	GlobalSection(SolutionConfigurationPlatforms) = preSolution
		Debug|Any CPU = Debug|Any CPU
		Release|Any CPU = Release|Any CPU
	EndGlobalSection
	GlobalSection(ProjectConfigurationPlatforms) = postSolution
		{FABABCC7-9A94-4DDD-92F2-91427B2BEBB4}.Debug|Any CPU.ActiveCfg = Debug|Any CPU
		{FABABCC7-9A94-4DDD-92F2-91427B2BEBB4}.Debug|Any CPU.Build.0 = Debug|Any CPU
		{FABABCC7-9A94-4DDD-92F2-91427B2BEBB4}.Release|Any CPU.ActiveCfg = Release|Any CPU
		{FABABCC7-9A94-4DDD-92F2-91427B2BEBB4}.Release|Any CPU.Build.0 = Release|Any CPU
		{9AA3907C-AFC2-4A66-BE73-8B2E1709AF3D}.Debug|Any CPU.ActiveCfg = Debug|Any CPU
		{9AA3907C-AFC2-4A66-BE73-8B2E1709AF3D}.Debug|Any CPU.Build.0 = Debug|Any CPU
		{9AA3907C-AFC2-4A66-BE73-8B2E1709AF3D}.Release|Any CPU.ActiveCfg = Release|Any CPU
		{9AA3907C-AFC2-4A66-BE73-8B2E1709AF3D}.Release|Any CPU.Build.0 = Release|Any CPU
	EndGlobalSection
	GlobalSection(SolutionProperties) = preSolution
		HideSolutionNode = FALSE
	EndGlobalSection
EndGlobal
