
Microsoft Visual Studio Solution File, Format Version 12.00
# Visual Studio 2012
Project("{FAE04EC0-301F-11D3-BF4B-00C04F79EFBC}") = "HartAnalyzer", "HartAnalyzer\HartAnalyzer.csproj", "{5D837773-5D00-4E1F-95B9-FFCC649D97DD}"
EndProject
Project("{FAE04EC0-301F-11D3-BF4B-00C04F79EFBC}") = "HartAnalyzer.Design", "HartAnalyzer.Design\HartAnalyzer.Design.csproj", "{4C41748A-44C6-44A5-9CED-FB04E4F8B138}"
EndProject
Project("{FAE04EC0-301F-11D3-BF4B-00C04F79EFBC}") = "HartAnalyzer.Infrastructure", "HartAnalyzer.Infrastructure\HartAnalyzer.Infrastructure.csproj", "{7506E304-659D-4438-84BA-6282D73753B8}"
EndProject
Project("{FAE04EC0-301F-11D3-BF4B-00C04F79EFBC}") = "HartAnalyzer.Services", "HartAnalyzer.Services\HartAnalyzer.Services.csproj", "{709D4A44-A697-4161-98F0-F880F3E34225}"
EndProject
Project("{FAE04EC0-301F-11D3-BF4B-00C04F79EFBC}") = "HartAnalyzer.Services.UnitTest", "HartAnalyzer.Services.UnitTest\HartAnalyzer.Services.UnitTest.csproj", "{623EC458-ECAD-4937-A808-86FB6705984B}"
EndProject
Project("{FAE04EC0-301F-11D3-BF4B-00C04F79EFBC}") = "XpDevelopment.Presentation", "..\..\..\XpDevelopment\XpDevelopment.Presentation\XpDevelopment.Presentation.csproj", "{FB89DA4F-8196-4994-9A42-F2728567F4EC}"
EndProject
Project("{FAE04EC0-301F-11D3-BF4B-00C04F79EFBC}") = "HartAnalyzer.UnitTest", "HartAnalyzer.UnitTest\HartAnalyzer.UnitTest.csproj", "{905AD018-66D7-4A6A-9B94-C333D7A511C1}"
EndProject
Global
	GlobalSection(SolutionConfigurationPlatforms) = preSolution
		Debug|Any CPU = Debug|Any CPU
		Release|Any CPU = Release|Any CPU
	EndGlobalSection
	GlobalSection(ProjectConfigurationPlatforms) = postSolution
		{5D837773-5D00-4E1F-95B9-FFCC649D97DD}.Debug|Any CPU.ActiveCfg = Debug|Any CPU
		{5D837773-5D00-4E1F-95B9-FFCC649D97DD}.Debug|Any CPU.Build.0 = Debug|Any CPU
		{5D837773-5D00-4E1F-95B9-FFCC649D97DD}.Release|Any CPU.ActiveCfg = Release|Any CPU
		{5D837773-5D00-4E1F-95B9-FFCC649D97DD}.Release|Any CPU.Build.0 = Release|Any CPU
		{4C41748A-44C6-44A5-9CED-FB04E4F8B138}.Debug|Any CPU.ActiveCfg = Debug|Any CPU
		{4C41748A-44C6-44A5-9CED-FB04E4F8B138}.Debug|Any CPU.Build.0 = Debug|Any CPU
		{4C41748A-44C6-44A5-9CED-FB04E4F8B138}.Release|Any CPU.ActiveCfg = Release|Any CPU
		{4C41748A-44C6-44A5-9CED-FB04E4F8B138}.Release|Any CPU.Build.0 = Release|Any CPU
		{7506E304-659D-4438-84BA-6282D73753B8}.Debug|Any CPU.ActiveCfg = Debug|Any CPU
		{7506E304-659D-4438-84BA-6282D73753B8}.Debug|Any CPU.Build.0 = Debug|Any CPU
		{7506E304-659D-4438-84BA-6282D73753B8}.Release|Any CPU.ActiveCfg = Release|Any CPU
		{7506E304-659D-4438-84BA-6282D73753B8}.Release|Any CPU.Build.0 = Release|Any CPU
		{709D4A44-A697-4161-98F0-F880F3E34225}.Debug|Any CPU.ActiveCfg = Debug|Any CPU
		{709D4A44-A697-4161-98F0-F880F3E34225}.Debug|Any CPU.Build.0 = Debug|Any CPU
		{709D4A44-A697-4161-98F0-F880F3E34225}.Release|Any CPU.ActiveCfg = Release|Any CPU
		{709D4A44-A697-4161-98F0-F880F3E34225}.Release|Any CPU.Build.0 = Release|Any CPU
		{623EC458-ECAD-4937-A808-86FB6705984B}.Debug|Any CPU.ActiveCfg = Debug|Any CPU
		{623EC458-ECAD-4937-A808-86FB6705984B}.Debug|Any CPU.Build.0 = Debug|Any CPU
		{623EC458-ECAD-4937-A808-86FB6705984B}.Release|Any CPU.ActiveCfg = Release|Any CPU
		{623EC458-ECAD-4937-A808-86FB6705984B}.Release|Any CPU.Build.0 = Release|Any CPU
		{FB89DA4F-8196-4994-9A42-F2728567F4EC}.Debug|Any CPU.ActiveCfg = Debug|Any CPU
		{FB89DA4F-8196-4994-9A42-F2728567F4EC}.Debug|Any CPU.Build.0 = Debug|Any CPU
		{FB89DA4F-8196-4994-9A42-F2728567F4EC}.Release|Any CPU.ActiveCfg = Release|Any CPU
		{FB89DA4F-8196-4994-9A42-F2728567F4EC}.Release|Any CPU.Build.0 = Release|Any CPU
		{905AD018-66D7-4A6A-9B94-C333D7A511C1}.Debug|Any CPU.ActiveCfg = Debug|Any CPU
		{905AD018-66D7-4A6A-9B94-C333D7A511C1}.Debug|Any CPU.Build.0 = Debug|Any CPU
		{905AD018-66D7-4A6A-9B94-C333D7A511C1}.Release|Any CPU.ActiveCfg = Release|Any CPU
		{905AD018-66D7-4A6A-9B94-C333D7A511C1}.Release|Any CPU.Build.0 = Release|Any CPU
	EndGlobalSection
	GlobalSection(SolutionProperties) = preSolution
		HideSolutionNode = FALSE
	EndGlobalSection
EndGlobal
